{
  "version": "4",
  "specifiers": {
    "jsr:@conlangtools/chronlang-parser@0.1": "0.1.33",
    "npm:peggy@4.2.0": "4.2.0"
  },
  "jsr": {
    "@conlangtools/chronlang-parser@0.1.33": {
      "integrity": "bbd2870d1dd7788ec1084a51aca62d583d7ada37000f2c368f2ce276a47785d4",
      "dependencies": [
        "npm:peggy"
      ]
    }
  },
  "npm": {
    "@peggyjs/from-mem@1.3.5": {
      "integrity": "sha512-oRyzXE7nirAn+5yYjCdWQHg3EG2XXcYRoYNOK8Quqnmm+9FyK/2YWVunwudlYl++M3xY+gIAdf0vAYS+p0nKfQ==",
      "dependencies": [
        "semver"
      ]
    },
    "commander@12.1.0": {
      "integrity": "sha512-Vw8qHK3bZM9y/P10u3Vib8o/DdkvA2OtPtZvD871QKjy74Wj1WSKFILMPRPSdUSx5RFK1arlJzEtA4PkFgnbuA=="
    },
    "peggy@4.2.0": {
      "integrity": "sha512-ZjzyJYY8NqW8JOZr2PbS/J0UH/hnfGALxSDsBUVQg5Y/I+ZaPuGeBJ7EclUX2RvWjhlsi4pnuL1C/K/3u+cDeg==",
      "dependencies": [
        "@peggyjs/from-mem",
        "commander",
        "source-map-generator"
      ]
    },
    "semver@7.6.3": {
      "integrity": "sha512-oVekP1cKtI+CTDvHWYFUcMtsK/00wmAEfyqKfNdARm8u1wNVhSgaX7A8d4UuIlUI5e84iEwOhs7ZPYRmzU9U6A=="
    },
    "source-map-generator@0.8.0": {
      "integrity": "sha512-psgxdGMwl5MZM9S3FWee4EgsEaIjahYV5AzGnwUvPhWeITz/j6rKpysQHlQ4USdxvINlb8lKfWGIXwfkrgtqkA=="
    }
  },
  "workspace": {
    "dependencies": [
      "jsr:@conlangtools/chronlang-parser@0.1"
    ]
  }
}
