{
  "version": "4",
  "specifiers": {
    "jsr:@conlangtools/chronlang-parser@0.1": "0.1.22",
    "jsr:@std/assert@*": "1.0.10",
    "jsr:@std/internal@^1.0.5": "1.0.5"
  },
  "jsr": {
    "@conlangtools/chronlang-parser@0.1.22": {
      "integrity": "a661d16b8df9dae88279e9ea13d25919f211dcecb1a166bfda28f50599fa2b40"
    },
    "@std/assert@1.0.10": {
      "integrity": "59b5cbac5bd55459a19045d95cc7c2ff787b4f8527c0dd195078ff6f9481fbb3",
      "dependencies": [
        "jsr:@std/internal"
      ]
    },
    "@std/internal@1.0.5": {
      "integrity": "54a546004f769c1ac9e025abd15a76b6671ddc9687e2313b67376125650dc7ba"
    }
  },
  "workspace": {
    "dependencies": [
      "jsr:@conlangtools/chronlang-parser@0.1"
    ],
    "packageJson": {
      "dependencies": [
        "npm:@conlangtools/chronlang-parser@0.1",
        "npm:@types/node@^22.10.2",
        "npm:vite-plugin-dts@^4.4.0",
        "npm:vite@^6.0.5"
      ]
    }
  }
}
